// !$*UTF8*$!
{
	archiveVersion = 1;
	classes = {
	};
	objectVersion = 56;
	objects = {

/* Begin PBXBuildFile section */
		D3A8CF4D29E20B4C00EF066A /* MainViewModel.swift in Sources */ = {isa = PBXBuildFile; fileRef = D3A8CF4C29E20B4C00EF066A /* MainViewModel.swift */; };
		D3A8CF4F29E2183000EF066A /* ComicResultView.swift in Sources */ = {isa = PBXBuildFile; fileRef = D3A8CF4E29E2183000EF066A /* ComicResultView.swift */; };
		D3A8CF5329E226E800EF066A /* ComicViewModel.swift in Sources */ = {isa = PBXBuildFile; fileRef = D3A8CF5229E226E800EF066A /* ComicViewModel.swift */; };
		D3A8CF7129E7C29F00EF066A /* ComicViewModelTests.swift in Sources */ = {isa = PBXBuildFile; fileRef = D3A8CF7029E7C29F00EF066A /* ComicViewModelTests.swift */; };
		D3A8CF7329E7D22E00EF066A /* MainViewModelTests.swift in Sources */ = {isa = PBXBuildFile; fileRef = D3A8CF7229E7D22E00EF066A /* MainViewModelTests.swift */; };
		D3A8CF7529E7D2D500EF066A /* ComicsDownloaderTests.swift in Sources */ = {isa = PBXBuildFile; fileRef = D3A8CF7429E7D2D500EF066A /* ComicsDownloaderTests.swift */; };
		D3A8CF7729E7E4DF00EF066A /* md5Tests.swift in Sources */ = {isa = PBXBuildFile; fileRef = D3A8CF7629E7E4DF00EF066A /* md5Tests.swift */; };
		D3A8CF7929E7FABA00EF066A /* MarvelComicsAppTests.swift in Sources */ = {isa = PBXBuildFile; fileRef = D3A8CF7829E7FABA00EF066A /* MarvelComicsAppTests.swift */; };
		D3E51CF529EB22E2003576DA /* MarvelComicsAppUITests.swift in Sources */ = {isa = PBXBuildFile; fileRef = D3E51CF429EB22E2003576DA /* MarvelComicsAppUITests.swift */; };
		D3E51CF729EB22E2003576DA /* MarvelComicsAppUITestsLaunchTests.swift in Sources */ = {isa = PBXBuildFile; fileRef = D3E51CF629EB22E2003576DA /* MarvelComicsAppUITestsLaunchTests.swift */; };
		D3E51CFE29EB272B003576DA /* MainViewUITests.swift in Sources */ = {isa = PBXBuildFile; fileRef = D3E51CFD29EB272B003576DA /* MainViewUITests.swift */; };
		D3F343EB29736A7D003CE063 /* MarvelComicsApp.swift in Sources */ = {isa = PBXBuildFile; fileRef = D3F343EA29736A7D003CE063 /* MarvelComicsApp.swift */; };
		D3F343ED29736A7D003CE063 /* MainView.swift in Sources */ = {isa = PBXBuildFile; fileRef = D3F343EC29736A7D003CE063 /* MainView.swift */; };
		D3F343EF29736A7F003CE063 /* Assets.xcassets in Resources */ = {isa = PBXBuildFile; fileRef = D3F343EE29736A7F003CE063 /* Assets.xcassets */; };
		D3F343F229736A7F003CE063 /* Preview Assets.xcassets in Resources */ = {isa = PBXBuildFile; fileRef = D3F343F129736A7F003CE063 /* Preview Assets.xcassets */; };
		D3F343FB297370AA003CE063 /* ComicModel.swift in Sources */ = {isa = PBXBuildFile; fileRef = D3F343FA297370AA003CE063 /* ComicModel.swift */; };
		D3F343FD2973763B003CE063 /* ComicsDownloader.swift in Sources */ = {isa = PBXBuildFile; fileRef = D3F343FC2973763B003CE063 /* ComicsDownloader.swift */; };
		D3F3444829739A76003CE063 /* md5.swift in Sources */ = {isa = PBXBuildFile; fileRef = D3F3444729739A76003CE063 /* md5.swift */; };
		D3F3444A2974B2F0003CE063 /* DetailComicView.swift in Sources */ = {isa = PBXBuildFile; fileRef = D3F344492974B2F0003CE063 /* DetailComicView.swift */; };
/* End PBXBuildFile section */

/* Begin PBXContainerItemProxy section */
		D3A8CF6B29E4CCC000EF066A /* PBXContainerItemProxy */ = {
			isa = PBXContainerItemProxy;
			containerPortal = D3F343DF29736A7D003CE063 /* Project object */;
			proxyType = 1;
			remoteGlobalIDString = D3F343E629736A7D003CE063;
			remoteInfo = MarvelComicsApp;
		};
		D3E51CF829EB22E2003576DA /* PBXContainerItemProxy */ = {
			isa = PBXContainerItemProxy;
			containerPortal = D3F343DF29736A7D003CE063 /* Project object */;
			proxyType = 1;
			remoteGlobalIDString = D3F343E629736A7D003CE063;
			remoteInfo = MarvelComicsApp;
		};
/* End PBXContainerItemProxy section */

/* Begin PBXFileReference section */
		D3A8CF4C29E20B4C00EF066A /* MainViewModel.swift */ = {isa = PBXFileReference; lastKnownFileType = sourcecode.swift; path = MainViewModel.swift; sourceTree = "<group>"; };
		D3A8CF4E29E2183000EF066A /* ComicResultView.swift */ = {isa = PBXFileReference; lastKnownFileType = sourcecode.swift; path = ComicResultView.swift; sourceTree = "<group>"; };
		D3A8CF5229E226E800EF066A /* ComicViewModel.swift */ = {isa = PBXFileReference; lastKnownFileType = sourcecode.swift; path = ComicViewModel.swift; sourceTree = "<group>"; };
		D3A8CF6729E4CCC000EF066A /* MarvelComicsAppTests.xctest */ = {isa = PBXFileReference; explicitFileType = wrapper.cfbundle; includeInIndex = 0; path = MarvelComicsAppTests.xctest; sourceTree = BUILT_PRODUCTS_DIR; };
		D3A8CF7029E7C29F00EF066A /* ComicViewModelTests.swift */ = {isa = PBXFileReference; lastKnownFileType = sourcecode.swift; path = ComicViewModelTests.swift; sourceTree = "<group>"; };
		D3A8CF7229E7D22E00EF066A /* MainViewModelTests.swift */ = {isa = PBXFileReference; lastKnownFileType = sourcecode.swift; path = MainViewModelTests.swift; sourceTree = "<group>"; };
		D3A8CF7429E7D2D500EF066A /* ComicsDownloaderTests.swift */ = {isa = PBXFileReference; lastKnownFileType = sourcecode.swift; path = ComicsDownloaderTests.swift; sourceTree = "<group>"; };
		D3A8CF7629E7E4DF00EF066A /* md5Tests.swift */ = {isa = PBXFileReference; lastKnownFileType = sourcecode.swift; path = md5Tests.swift; sourceTree = "<group>"; };
		D3A8CF7829E7FABA00EF066A /* MarvelComicsAppTests.swift */ = {isa = PBXFileReference; fileEncoding = 4; lastKnownFileType = sourcecode.swift; path = MarvelComicsAppTests.swift; sourceTree = "<group>"; };
		D3E51CF229EB22E2003576DA /* MarvelComicsAppUITests.xctest */ = {isa = PBXFileReference; explicitFileType = wrapper.cfbundle; includeInIndex = 0; path = MarvelComicsAppUITests.xctest; sourceTree = BUILT_PRODUCTS_DIR; };
		D3E51CF429EB22E2003576DA /* MarvelComicsAppUITests.swift */ = {isa = PBXFileReference; lastKnownFileType = sourcecode.swift; path = MarvelComicsAppUITests.swift; sourceTree = "<group>"; };
		D3E51CF629EB22E2003576DA /* MarvelComicsAppUITestsLaunchTests.swift */ = {isa = PBXFileReference; lastKnownFileType = sourcecode.swift; path = MarvelComicsAppUITestsLaunchTests.swift; sourceTree = "<group>"; };
		D3E51CFD29EB272B003576DA /* MainViewUITests.swift */ = {isa = PBXFileReference; lastKnownFileType = sourcecode.swift; path = MainViewUITests.swift; sourceTree = "<group>"; };
		D3F343E729736A7D003CE063 /* MarvelComicsApp.app */ = {isa = PBXFileReference; explicitFileType = wrapper.application; includeInIndex = 0; path = MarvelComicsApp.app; sourceTree = BUILT_PRODUCTS_DIR; };
		D3F343EA29736A7D003CE063 /* MarvelComicsApp.swift */ = {isa = PBXFileReference; lastKnownFileType = sourcecode.swift; path = MarvelComicsApp.swift; sourceTree = "<group>"; };
		D3F343EC29736A7D003CE063 /* MainView.swift */ = {isa = PBXFileReference; lastKnownFileType = sourcecode.swift; path = MainView.swift; sourceTree = "<group>"; };
		D3F343EE29736A7F003CE063 /* Assets.xcassets */ = {isa = PBXFileReference; lastKnownFileType = folder.assetcatalog; path = Assets.xcassets; sourceTree = "<group>"; };
		D3F343F129736A7F003CE063 /* Preview Assets.xcassets */ = {isa = PBXFileReference; lastKnownFileType = folder.assetcatalog; path = "Preview Assets.xcassets"; sourceTree = "<group>"; };
		D3F343FA297370AA003CE063 /* ComicModel.swift */ = {isa = PBXFileReference; lastKnownFileType = sourcecode.swift; path = ComicModel.swift; sourceTree = "<group>"; };
		D3F343FC2973763B003CE063 /* ComicsDownloader.swift */ = {isa = PBXFileReference; lastKnownFileType = sourcecode.swift; path = ComicsDownloader.swift; sourceTree = "<group>"; };
		D3F3444729739A76003CE063 /* md5.swift */ = {isa = PBXFileReference; lastKnownFileType = sourcecode.swift; path = md5.swift; sourceTree = "<group>"; };
		D3F344492974B2F0003CE063 /* DetailComicView.swift */ = {isa = PBXFileReference; lastKnownFileType = sourcecode.swift; path = DetailComicView.swift; sourceTree = "<group>"; };
/* End PBXFileReference section */

/* Begin PBXFrameworksBuildPhase section */
		D3A8CF6429E4CCC000EF066A /* Frameworks */ = {
			isa = PBXFrameworksBuildPhase;
			buildActionMask = 2147483647;
			files = (
			);
			runOnlyForDeploymentPostprocessing = 0;
		};
		D3E51CEF29EB22E2003576DA /* Frameworks */ = {
			isa = PBXFrameworksBuildPhase;
			buildActionMask = 2147483647;
			files = (
			);
			runOnlyForDeploymentPostprocessing = 0;
		};
		D3F343E429736A7D003CE063 /* Frameworks */ = {
			isa = PBXFrameworksBuildPhase;
			buildActionMask = 2147483647;
			files = (
			);
			runOnlyForDeploymentPostprocessing = 0;
		};
/* End PBXFrameworksBuildPhase section */

/* Begin PBXGroup section */
		D3A8CF4729E20AA200EF066A /* Model */ = {
			isa = PBXGroup;
			children = (
				D3F343FA297370AA003CE063 /* ComicModel.swift */,
			);
			path = Model;
			sourceTree = "<group>";
		};
		D3A8CF4829E20AAA00EF066A /* View */ = {
			isa = PBXGroup;
			children = (
				D3F343EC29736A7D003CE063 /* MainView.swift */,
				D3A8CF4E29E2183000EF066A /* ComicResultView.swift */,
				D3F344492974B2F0003CE063 /* DetailComicView.swift */,
			);
			path = View;
			sourceTree = "<group>";
		};
		D3A8CF4929E20AB100EF066A /* ViewModel */ = {
			isa = PBXGroup;
			children = (
				D3A8CF4C29E20B4C00EF066A /* MainViewModel.swift */,
				D3A8CF5229E226E800EF066A /* ComicViewModel.swift */,
			);
			path = ViewModel;
			sourceTree = "<group>";
		};
		D3A8CF4A29E20AB800EF066A /* Extensions */ = {
			isa = PBXGroup;
			children = (
				D3F3444729739A76003CE063 /* md5.swift */,
			);
			path = Extensions;
			sourceTree = "<group>";
		};
		D3A8CF4B29E20AFD00EF066A /* Sources */ = {
			isa = PBXGroup;
			children = (
				D3F343FC2973763B003CE063 /* ComicsDownloader.swift */,
			);
			path = Sources;
			sourceTree = "<group>";
		};
		D3A8CF6829E4CCC000EF066A /* MarvelComicsAppTests */ = {
			isa = PBXGroup;
			children = (
				D3A8CF7829E7FABA00EF066A /* MarvelComicsAppTests.swift */,
				D3A8CF7229E7D22E00EF066A /* MainViewModelTests.swift */,
				D3A8CF7029E7C29F00EF066A /* ComicViewModelTests.swift */,
				D3A8CF7429E7D2D500EF066A /* ComicsDownloaderTests.swift */,
				D3A8CF7629E7E4DF00EF066A /* md5Tests.swift */,
			);
			path = MarvelComicsAppTests;
			sourceTree = "<group>";
		};
		D3E51CF329EB22E2003576DA /* MarvelComicsAppUITests */ = {
			isa = PBXGroup;
			children = (
				D3E51CF429EB22E2003576DA /* MarvelComicsAppUITests.swift */,
				D3E51CF629EB22E2003576DA /* MarvelComicsAppUITestsLaunchTests.swift */,
				D3E51CFD29EB272B003576DA /* MainViewUITests.swift */,
			);
			path = MarvelComicsAppUITests;
			sourceTree = "<group>";
		};
		D3F343DE29736A7D003CE063 = {
			isa = PBXGroup;
			children = (
				D3F343E929736A7D003CE063 /* MarvelComicsApp */,
				D3A8CF6829E4CCC000EF066A /* MarvelComicsAppTests */,
				D3E51CF329EB22E2003576DA /* MarvelComicsAppUITests */,
				D3F343E829736A7D003CE063 /* Products */,
			);
			sourceTree = "<group>";
		};
		D3F343E829736A7D003CE063 /* Products */ = {
			isa = PBXGroup;
			children = (
				D3F343E729736A7D003CE063 /* MarvelComicsApp.app */,
				D3A8CF6729E4CCC000EF066A /* MarvelComicsAppTests.xctest */,
				D3E51CF229EB22E2003576DA /* MarvelComicsAppUITests.xctest */,
			);
			name = Products;
			sourceTree = "<group>";
		};
		D3F343E929736A7D003CE063 /* MarvelComicsApp */ = {
			isa = PBXGroup;
			children = (
				D3F343EA29736A7D003CE063 /* MarvelComicsApp.swift */,
				D3A8CF4B29E20AFD00EF066A /* Sources */,
				D3A8CF4A29E20AB800EF066A /* Extensions */,
				D3A8CF4929E20AB100EF066A /* ViewModel */,
				D3A8CF4829E20AAA00EF066A /* View */,
				D3A8CF4729E20AA200EF066A /* Model */,
				D3F343EE29736A7F003CE063 /* Assets.xcassets */,
				D3F343F029736A7F003CE063 /* Preview Content */,
			);
			path = MarvelComicsApp;
			sourceTree = "<group>";
		};
		D3F343F029736A7F003CE063 /* Preview Content */ = {
			isa = PBXGroup;
			children = (
				D3F343F129736A7F003CE063 /* Preview Assets.xcassets */,
			);
			path = "Preview Content";
			sourceTree = "<group>";
		};
/* End PBXGroup section */

/* Begin PBXNativeTarget section */
		D3A8CF6629E4CCC000EF066A /* MarvelComicsAppTests */ = {
			isa = PBXNativeTarget;
			buildConfigurationList = D3A8CF6D29E4CCC000EF066A /* Build configuration list for PBXNativeTarget "MarvelComicsAppTests" */;
			buildPhases = (
				D3A8CF6329E4CCC000EF066A /* Sources */,
				D3A8CF6429E4CCC000EF066A /* Frameworks */,
				D3A8CF6529E4CCC000EF066A /* Resources */,
			);
			buildRules = (
			);
			dependencies = (
				D3A8CF6C29E4CCC000EF066A /* PBXTargetDependency */,
			);
			name = MarvelComicsAppTests;
			productName = MarvelComicsAppTests;
			productReference = D3A8CF6729E4CCC000EF066A /* MarvelComicsAppTests.xctest */;
			productType = "com.apple.product-type.bundle.unit-test";
		};
		D3E51CF129EB22E2003576DA /* MarvelComicsAppUITests */ = {
			isa = PBXNativeTarget;
			buildConfigurationList = D3E51CFC29EB22E2003576DA /* Build configuration list for PBXNativeTarget "MarvelComicsAppUITests" */;
			buildPhases = (
				D3E51CEE29EB22E2003576DA /* Sources */,
				D3E51CEF29EB22E2003576DA /* Frameworks */,
				D3E51CF029EB22E2003576DA /* Resources */,
			);
			buildRules = (
			);
			dependencies = (
				D3E51CF929EB22E2003576DA /* PBXTargetDependency */,
			);
			name = MarvelComicsAppUITests;
			productName = MarvelComicsAppUITests;
			productReference = D3E51CF229EB22E2003576DA /* MarvelComicsAppUITests.xctest */;
			productType = "com.apple.product-type.bundle.ui-testing";
		};
		D3F343E629736A7D003CE063 /* MarvelComicsApp */ = {
			isa = PBXNativeTarget;
			buildConfigurationList = D3F343F529736A7F003CE063 /* Build configuration list for PBXNativeTarget "MarvelComicsApp" */;
			buildPhases = (
				D3F343E329736A7D003CE063 /* Sources */,
				D3F343E429736A7D003CE063 /* Frameworks */,
				D3F343E529736A7D003CE063 /* Resources */,
			);
			buildRules = (
			);
			dependencies = (
			);
			name = MarvelComicsApp;
			productName = ZadanieRekrutacyjne01;
			productReference = D3F343E729736A7D003CE063 /* MarvelComicsApp.app */;
			productType = "com.apple.product-type.application";
		};
/* End PBXNativeTarget section */

/* Begin PBXProject section */
		D3F343DF29736A7D003CE063 /* Project object */ = {
			isa = PBXProject;
			attributes = {
				BuildIndependentTargetsInParallel = 1;
				LastSwiftUpdateCheck = 1430;
				LastUpgradeCheck = 1420;
				TargetAttributes = {
					D3A8CF6629E4CCC000EF066A = {
						CreatedOnToolsVersion = 14.3;
						TestTargetID = D3F343E629736A7D003CE063;
					};
					D3E51CF129EB22E2003576DA = {
						CreatedOnToolsVersion = 14.3;
						TestTargetID = D3F343E629736A7D003CE063;
					};
					D3F343E629736A7D003CE063 = {
						CreatedOnToolsVersion = 14.2;
					};
				};
			};
			buildConfigurationList = D3F343E229736A7D003CE063 /* Build configuration list for PBXProject "MarvelComicsApp" */;
			compatibilityVersion = "Xcode 14.0";
			developmentRegion = en;
			hasScannedForEncodings = 0;
			knownRegions = (
				en,
				Base,
			);
			mainGroup = D3F343DE29736A7D003CE063;
			productRefGroup = D3F343E829736A7D003CE063 /* Products */;
			projectDirPath = "";
			projectRoot = "";
			targets = (
				D3F343E629736A7D003CE063 /* MarvelComicsApp */,
				D3A8CF6629E4CCC000EF066A /* MarvelComicsAppTests */,
				D3E51CF129EB22E2003576DA /* MarvelComicsAppUITests */,
			);
		};
/* End PBXProject section */

/* Begin PBXResourcesBuildPhase section */
		D3A8CF6529E4CCC000EF066A /* Resources */ = {
			isa = PBXResourcesBuildPhase;
			buildActionMask = 2147483647;
			files = (
			);
			runOnlyForDeploymentPostprocessing = 0;
		};
		D3E51CF029EB22E2003576DA /* Resources */ = {
			isa = PBXResourcesBuildPhase;
			buildActionMask = 2147483647;
			files = (
			);
			runOnlyForDeploymentPostprocessing = 0;
		};
		D3F343E529736A7D003CE063 /* Resources */ = {
			isa = PBXResourcesBuildPhase;
			buildActionMask = 2147483647;
			files = (
				D3F343F229736A7F003CE063 /* Preview Assets.xcassets in Resources */,
				D3F343EF29736A7F003CE063 /* Assets.xcassets in Resources */,
			);
			runOnlyForDeploymentPostprocessing = 0;
		};
/* End PBXResourcesBuildPhase section */

/* Begin PBXSourcesBuildPhase section */
		D3A8CF6329E4CCC000EF066A /* Sources */ = {
			isa = PBXSourcesBuildPhase;
			buildActionMask = 2147483647;
			files = (
				D3A8CF7729E7E4DF00EF066A /* md5Tests.swift in Sources */,
				D3A8CF7329E7D22E00EF066A /* MainViewModelTests.swift in Sources */,
				D3A8CF7129E7C29F00EF066A /* ComicViewModelTests.swift in Sources */,
				D3A8CF7529E7D2D500EF066A /* ComicsDownloaderTests.swift in Sources */,
				D3A8CF7929E7FABA00EF066A /* MarvelComicsAppTests.swift in Sources */,
			);
			runOnlyForDeploymentPostprocessing = 0;
		};
		D3E51CEE29EB22E2003576DA /* Sources */ = {
			isa = PBXSourcesBuildPhase;
			buildActionMask = 2147483647;
			files = (
				D3E51CF529EB22E2003576DA /* MarvelComicsAppUITests.swift in Sources */,
				D3E51CFE29EB272B003576DA /* MainViewUITests.swift in Sources */,
				D3E51CF729EB22E2003576DA /* MarvelComicsAppUITestsLaunchTests.swift in Sources */,
			);
			runOnlyForDeploymentPostprocessing = 0;
		};
		D3F343E329736A7D003CE063 /* Sources */ = {
			isa = PBXSourcesBuildPhase;
			buildActionMask = 2147483647;
			files = (
				D3A8CF5329E226E800EF066A /* ComicViewModel.swift in Sources */,
				D3F343FD2973763B003CE063 /* ComicsDownloader.swift in Sources */,
				D3F343FB297370AA003CE063 /* ComicModel.swift in Sources */,
				D3F343ED29736A7D003CE063 /* MainView.swift in Sources */,
				D3A8CF4D29E20B4C00EF066A /* MainViewModel.swift in Sources */,
				D3F3444829739A76003CE063 /* md5.swift in Sources */,
				D3F343EB29736A7D003CE063 /* MarvelComicsApp.swift in Sources */,
				D3A8CF4F29E2183000EF066A /* ComicResultView.swift in Sources */,
				D3F3444A2974B2F0003CE063 /* DetailComicView.swift in Sources */,
			);
			runOnlyForDeploymentPostprocessing = 0;
		};
/* End PBXSourcesBuildPhase section */

/* Begin PBXTargetDependency section */
		D3A8CF6C29E4CCC000EF066A /* PBXTargetDependency */ = {
			isa = PBXTargetDependency;
			target = D3F343E629736A7D003CE063 /* MarvelComicsApp */;
			targetProxy = D3A8CF6B29E4CCC000EF066A /* PBXContainerItemProxy */;
		};
		D3E51CF929EB22E2003576DA /* PBXTargetDependency */ = {
			isa = PBXTargetDependency;
			target = D3F343E629736A7D003CE063 /* MarvelComicsApp */;
			targetProxy = D3E51CF829EB22E2003576DA /* PBXContainerItemProxy */;
		};
/* End PBXTargetDependency section */

/* Begin XCBuildConfiguration section */
		D3A8CF6E29E4CCC000EF066A /* Debug */ = {
			isa = XCBuildConfiguration;
			buildSettings = {
				BUNDLE_LOADER = "$(TEST_HOST)";
				CODE_SIGN_STYLE = Automatic;
				CURRENT_PROJECT_VERSION = 1;
				DEVELOPMENT_TEAM = 2637HTLV24;
				GENERATE_INFOPLIST_FILE = YES;
				IPHONEOS_DEPLOYMENT_TARGET = 16.4;
				MARKETING_VERSION = 1.0;
				PRODUCT_BUNDLE_IDENTIFIER = JakubPrus.MarvelComicsAppTests;
				PRODUCT_NAME = "$(TARGET_NAME)";
				SWIFT_EMIT_LOC_STRINGS = NO;
				SWIFT_VERSION = 5.0;
				TARGETED_DEVICE_FAMILY = "1,2";
				TEST_HOST = "$(BUILT_PRODUCTS_DIR)/MarvelComicsApp.app/$(BUNDLE_EXECUTABLE_FOLDER_PATH)/MarvelComicsApp";
			};
			name = Debug;
		};
		D3A8CF6F29E4CCC000EF066A /* Release */ = {
			isa = XCBuildConfiguration;
			buildSettings = {
				BUNDLE_LOADER = "$(TEST_HOST)";
				CODE_SIGN_STYLE = Automatic;
				CURRENT_PROJECT_VERSION = 1;
				DEVELOPMENT_TEAM = 2637HTLV24;
				GENERATE_INFOPLIST_FILE = YES;
				IPHONEOS_DEPLOYMENT_TARGET = 16.4;
				MARKETING_VERSION = 1.0;
				PRODUCT_BUNDLE_IDENTIFIER = JakubPrus.MarvelComicsAppTests;
				PRODUCT_NAME = "$(TARGET_NAME)";
				SWIFT_EMIT_LOC_STRINGS = NO;
				SWIFT_VERSION = 5.0;
				TARGETED_DEVICE_FAMILY = "1,2";
				TEST_HOST = "$(BUILT_PRODUCTS_DIR)/MarvelComicsApp.app/$(BUNDLE_EXECUTABLE_FOLDER_PATH)/MarvelComicsApp";
			};
			name = Release;
		};
		D3E51CFA29EB22E2003576DA /* Debug */ = {
			isa = XCBuildConfiguration;
			buildSettings = {
				CODE_SIGN_STYLE = Automatic;
				CURRENT_PROJECT_VERSION = 1;
				DEVELOPMENT_TEAM = 2637HTLV24;
				GENERATE_INFOPLIST_FILE = YES;
				IPHONEOS_DEPLOYMENT_TARGET = 16.4;
				MARKETING_VERSION = 1.0;
				PRODUCT_BUNDLE_IDENTIFIER = JakubPrus.MarvelComicsAppUITests;
				PRODUCT_NAME = "$(TARGET_NAME)";
				SWIFT_EMIT_LOC_STRINGS = NO;
				SWIFT_VERSION = 5.0;
				TARGETED_DEVICE_FAMILY = "1,2";
				TEST_TARGET_NAME = MarvelComicsApp;
			};
			name = Debug;
		};
		D3E51CFB29EB22E2003576DA /* Release */ = {
			isa = XCBuildConfiguration;
			buildSettings = {
				CODE_SIGN_STYLE = Automatic;
				CURRENT_PROJECT_VERSION = 1;
				DEVELOPMENT_TEAM = 2637HTLV24;
				GENERATE_INFOPLIST_FILE = YES;
				IPHONEOS_DEPLOYMENT_TARGET = 16.4;
				MARKETING_VERSION = 1.0;
				PRODUCT_BUNDLE_IDENTIFIER = JakubPrus.MarvelComicsAppUITests;
				PRODUCT_NAME = "$(TARGET_NAME)";
				SWIFT_EMIT_LOC_STRINGS = NO;
				SWIFT_VERSION = 5.0;
				TARGETED_DEVICE_FAMILY = "1,2";
				TEST_TARGET_NAME = MarvelComicsApp;
			};
			name = Release;
		};
		D3F343F329736A7F003CE063 /* Debug */ = {
			isa = XCBuildConfiguration;
			buildSettings = {
				ALWAYS_SEARCH_USER_PATHS = NO;
				CLANG_ANALYZER_NONNULL = YES;
				CLANG_ANALYZER_NUMBER_OBJECT_CONVERSION = YES_AGGRESSIVE;
				CLANG_CXX_LANGUAGE_STANDARD = "gnu++20";
				CLANG_ENABLE_MODULES = YES;
				CLANG_ENABLE_OBJC_ARC = YES;
				CLANG_ENABLE_OBJC_WEAK = YES;
				CLANG_WARN_BLOCK_CAPTURE_AUTORELEASING = YES;
				CLANG_WARN_BOOL_CONVERSION = YES;
				CLANG_WARN_COMMA = YES;
				CLANG_WARN_CONSTANT_CONVERSION = YES;
				CLANG_WARN_DEPRECATED_OBJC_IMPLEMENTATIONS = YES;
				CLANG_WARN_DIRECT_OBJC_ISA_USAGE = YES_ERROR;
				CLANG_WARN_DOCUMENTATION_COMMENTS = YES;
				CLANG_WARN_EMPTY_BODY = YES;
				CLANG_WARN_ENUM_CONVERSION = YES;
				CLANG_WARN_INFINITE_RECURSION = YES;
				CLANG_WARN_INT_CONVERSION = YES;
				CLANG_WARN_NON_LITERAL_NULL_CONVERSION = YES;
				CLANG_WARN_OBJC_IMPLICIT_RETAIN_SELF = YES;
				CLANG_WARN_OBJC_LITERAL_CONVERSION = YES;
				CLANG_WARN_OBJC_ROOT_CLASS = YES_ERROR;
				CLANG_WARN_QUOTED_INCLUDE_IN_FRAMEWORK_HEADER = YES;
				CLANG_WARN_RANGE_LOOP_ANALYSIS = YES;
				CLANG_WARN_STRICT_PROTOTYPES = YES;
				CLANG_WARN_SUSPICIOUS_MOVE = YES;
				CLANG_WARN_UNGUARDED_AVAILABILITY = YES_AGGRESSIVE;
				CLANG_WARN_UNREACHABLE_CODE = YES;
				CLANG_WARN__DUPLICATE_METHOD_MATCH = YES;
				COPY_PHASE_STRIP = NO;
				DEBUG_INFORMATION_FORMAT = dwarf;
				ENABLE_STRICT_OBJC_MSGSEND = YES;
				ENABLE_TESTABILITY = YES;
				GCC_C_LANGUAGE_STANDARD = gnu11;
				GCC_DYNAMIC_NO_PIC = NO;
				GCC_NO_COMMON_BLOCKS = YES;
				GCC_OPTIMIZATION_LEVEL = 0;
				GCC_PREPROCESSOR_DEFINITIONS = (
					"DEBUG=1",
					"$(inherited)",
				);
				GCC_WARN_64_TO_32_BIT_CONVERSION = YES;
				GCC_WARN_ABOUT_RETURN_TYPE = YES_ERROR;
				GCC_WARN_UNDECLARED_SELECTOR = YES;
				GCC_WARN_UNINITIALIZED_AUTOS = YES_AGGRESSIVE;
				GCC_WARN_UNUSED_FUNCTION = YES;
				GCC_WARN_UNUSED_VARIABLE = YES;
				IPHONEOS_DEPLOYMENT_TARGET = 16.2;
				MTL_ENABLE_DEBUG_INFO = INCLUDE_SOURCE;
				MTL_FAST_MATH = YES;
				ONLY_ACTIVE_ARCH = YES;
				SDKROOT = iphoneos;
				SWIFT_ACTIVE_COMPILATION_CONDITIONS = DEBUG;
				SWIFT_OPTIMIZATION_LEVEL = "-Onone";
			};
			name = Debug;
		};
		D3F343F429736A7F003CE063 /* Release */ = {
			isa = XCBuildConfiguration;
			buildSettings = {
				ALWAYS_SEARCH_USER_PATHS = NO;
				CLANG_ANALYZER_NONNULL = YES;
				CLANG_ANALYZER_NUMBER_OBJECT_CONVERSION = YES_AGGRESSIVE;
				CLANG_CXX_LANGUAGE_STANDARD = "gnu++20";
				CLANG_ENABLE_MODULES = YES;
				CLANG_ENABLE_OBJC_ARC = YES;
				CLANG_ENABLE_OBJC_WEAK = YES;
				CLANG_WARN_BLOCK_CAPTURE_AUTORELEASING = YES;
				CLANG_WARN_BOOL_CONVERSION = YES;
				CLANG_WARN_COMMA = YES;
				CLANG_WARN_CONSTANT_CONVERSION = YES;
				CLANG_WARN_DEPRECATED_OBJC_IMPLEMENTATIONS = YES;
				CLANG_WARN_DIRECT_OBJC_ISA_USAGE = YES_ERROR;
				CLANG_WARN_DOCUMENTATION_COMMENTS = YES;
				CLANG_WARN_EMPTY_BODY = YES;
				CLANG_WARN_ENUM_CONVERSION = YES;
				CLANG_WARN_INFINITE_RECURSION = YES;
				CLANG_WARN_INT_CONVERSION = YES;
				CLANG_WARN_NON_LITERAL_NULL_CONVERSION = YES;
				CLANG_WARN_OBJC_IMPLICIT_RETAIN_SELF = YES;
				CLANG_WARN_OBJC_LITERAL_CONVERSION = YES;
				CLANG_WARN_OBJC_ROOT_CLASS = YES_ERROR;
				CLANG_WARN_QUOTED_INCLUDE_IN_FRAMEWORK_HEADER = YES;
				CLANG_WARN_RANGE_LOOP_ANALYSIS = YES;
				CLANG_WARN_STRICT_PROTOTYPES = YES;
				CLANG_WARN_SUSPICIOUS_MOVE = YES;
				CLANG_WARN_UNGUARDED_AVAILABILITY = YES_AGGRESSIVE;
				CLANG_WARN_UNREACHABLE_CODE = YES;
				CLANG_WARN__DUPLICATE_METHOD_MATCH = YES;
				COPY_PHASE_STRIP = NO;
				DEBUG_INFORMATION_FORMAT = "dwarf-with-dsym";
				ENABLE_NS_ASSERTIONS = NO;
				ENABLE_STRICT_OBJC_MSGSEND = YES;
				GCC_C_LANGUAGE_STANDARD = gnu11;
				GCC_NO_COMMON_BLOCKS = YES;
				GCC_WARN_64_TO_32_BIT_CONVERSION = YES;
				GCC_WARN_ABOUT_RETURN_TYPE = YES_ERROR;
				GCC_WARN_UNDECLARED_SELECTOR = YES;
				GCC_WARN_UNINITIALIZED_AUTOS = YES_AGGRESSIVE;
				GCC_WARN_UNUSED_FUNCTION = YES;
				GCC_WARN_UNUSED_VARIABLE = YES;
				IPHONEOS_DEPLOYMENT_TARGET = 16.2;
				MTL_ENABLE_DEBUG_INFO = NO;
				MTL_FAST_MATH = YES;
				SDKROOT = iphoneos;
				SWIFT_COMPILATION_MODE = wholemodule;
				SWIFT_OPTIMIZATION_LEVEL = "-O";
				VALIDATE_PRODUCT = YES;
			};
			name = Release;
		};
		D3F343F629736A7F003CE063 /* Debug */ = {
			isa = XCBuildConfiguration;
			buildSettings = {
				ASSETCATALOG_COMPILER_APPICON_NAME = AppIcon;
				ASSETCATALOG_COMPILER_GLOBAL_ACCENT_COLOR_NAME = AccentColor;
				CODE_SIGN_STYLE = Automatic;
				CURRENT_PROJECT_VERSION = 1;
				DEVELOPMENT_ASSET_PATHS = "\"MarvelComicsApp/Preview Content\"";
				DEVELOPMENT_TEAM = 2637HTLV24;
				ENABLE_PREVIEWS = YES;
				GENERATE_INFOPLIST_FILE = YES;
				INFOPLIST_KEY_UIApplicationSceneManifest_Generation = YES;
				INFOPLIST_KEY_UIApplicationSupportsIndirectInputEvents = YES;
				INFOPLIST_KEY_UILaunchScreen_Generation = YES;
				INFOPLIST_KEY_UISupportedInterfaceOrientations = UIInterfaceOrientationPortrait;
				INFOPLIST_KEY_UISupportedInterfaceOrientations_iPad = "UIInterfaceOrientationLandscapeLeft UIInterfaceOrientationLandscapeRight UIInterfaceOrientationPortrait UIInterfaceOrientationPortraitUpsideDown";
				IPHONEOS_DEPLOYMENT_TARGET = 16.0;
				LD_RUNPATH_SEARCH_PATHS = (
					"$(inherited)",
					"@executable_path/Frameworks",
				);
				MARKETING_VERSION = 1.0;
				PRODUCT_BUNDLE_IDENTIFIER = JakubPrus.MarvelComicsApp;
				PRODUCT_NAME = "$(TARGET_NAME)";
				SUPPORTED_PLATFORMS = "iphoneos iphonesimulator";
				SUPPORTS_MACCATALYST = NO;
				SUPPORTS_MAC_DESIGNED_FOR_IPHONE_IPAD = NO;
				SWIFT_EMIT_LOC_STRINGS = YES;
				SWIFT_VERSION = 5.0;
				TARGETED_DEVICE_FAMILY = 1;
			};
			name = Debug;
		};
		D3F343F729736A7F003CE063 /* Release */ = {
			isa = XCBuildConfiguration;
			buildSettings = {
				ASSETCATALOG_COMPILER_APPICON_NAME = AppIcon;
				ASSETCATALOG_COMPILER_GLOBAL_ACCENT_COLOR_NAME = AccentColor;
				CODE_SIGN_STYLE = Automatic;
				CURRENT_PROJECT_VERSION = 1;
				DEVELOPMENT_ASSET_PATHS = "\"MarvelComicsApp/Preview Content\"";
				DEVELOPMENT_TEAM = 2637HTLV24;
				ENABLE_PREVIEWS = YES;
				GENERATE_INFOPLIST_FILE = YES;
				INFOPLIST_KEY_UIApplicationSceneManifest_Generation = YES;
				INFOPLIST_KEY_UIApplicationSupportsIndirectInputEvents = YES;
				INFOPLIST_KEY_UILaunchScreen_Generation = YES;
				INFOPLIST_KEY_UISupportedInterfaceOrientations = UIInterfaceOrientationPortrait;
				INFOPLIST_KEY_UISupportedInterfaceOrientations_iPad = "UIInterfaceOrientationLandscapeLeft UIInterfaceOrientationLandscapeRight UIInterfaceOrientationPortrait UIInterfaceOrientationPortraitUpsideDown";
				IPHONEOS_DEPLOYMENT_TARGET = 16.0;
				LD_RUNPATH_SEARCH_PATHS = (
					"$(inherited)",
					"@executable_path/Frameworks",
				);
				MARKETING_VERSION = 1.0;
				PRODUCT_BUNDLE_IDENTIFIER = JakubPrus.MarvelComicsApp;
				PRODUCT_NAME = "$(TARGET_NAME)";
				SUPPORTED_PLATFORMS = "iphoneos iphonesimulator";
				SUPPORTS_MACCATALYST = NO;
				SUPPORTS_MAC_DESIGNED_FOR_IPHONE_IPAD = NO;
				SWIFT_EMIT_LOC_STRINGS = YES;
				SWIFT_VERSION = 5.0;
				TARGETED_DEVICE_FAMILY = 1;
			};
			name = Release;
		};
/* End XCBuildConfiguration section */

/* Begin XCConfigurationList section */
		D3A8CF6D29E4CCC000EF066A /* Build configuration list for PBXNativeTarget "MarvelComicsAppTests" */ = {
			isa = XCConfigurationList;
			buildConfigurations = (
				D3A8CF6E29E4CCC000EF066A /* Debug */,
				D3A8CF6F29E4CCC000EF066A /* Release */,
			);
			defaultConfigurationIsVisible = 0;
			defaultConfigurationName = Release;
		};
		D3E51CFC29EB22E2003576DA /* Build configuration list for PBXNativeTarget "MarvelComicsAppUITests" */ = {
			isa = XCConfigurationList;
			buildConfigurations = (
				D3E51CFA29EB22E2003576DA /* Debug */,
				D3E51CFB29EB22E2003576DA /* Release */,
			);
			defaultConfigurationIsVisible = 0;
			defaultConfigurationName = Release;
		};
		D3F343E229736A7D003CE063 /* Build configuration list for PBXProject "MarvelComicsApp" */ = {
			isa = XCConfigurationList;
			buildConfigurations = (
				D3F343F329736A7F003CE063 /* Debug */,
				D3F343F429736A7F003CE063 /* Release */,
			);
			defaultConfigurationIsVisible = 0;
			defaultConfigurationName = Release;
		};
		D3F343F529736A7F003CE063 /* Build configuration list for PBXNativeTarget "MarvelComicsApp" */ = {
			isa = XCConfigurationList;
			buildConfigurations = (
				D3F343F629736A7F003CE063 /* Debug */,
				D3F343F729736A7F003CE063 /* Release */,
			);
			defaultConfigurationIsVisible = 0;
			defaultConfigurationName = Release;
		};
/* End XCConfigurationList section */
	};
	rootObject = D3F343DF29736A7D003CE063 /* Project object */;
}
